
Microsoft Visual Studio Solution File, Format Version 12.00
# Visual Studio Version 17
VisualStudioVersion = 17.13.35828.75
MinimumVisualStudioVersion = 10.0.40219.1
Project("{FAE04EC0-301F-11D3-BF4B-00C04F79EFBC}") = "SumEvenNumbers", "SumEvenNumbers\SumEvenNumbers.csproj", "{974CB47C-C519-4D40-9F55-45A2869633DE}"
EndProject
Project("{FAE04EC0-301F-11D3-BF4B-00C04F79EFBC}") = "ClassFinancialEntities", "ClassFinancialentities\ClassFinancialEntities.csproj", "{6FEE9EF1-B79E-4921-A033-DD31ECD75953}"
EndProject
Project("{FAE04EC0-301F-11D3-BF4B-00C04F79EFBC}") = "TransactionProcessor", "TransactionProcessor\TransactionProcessor.csproj", "{37DD94F0-FD85-4C42-B651-DD91FA12BC11}"
EndProject
Project("{FAE04EC0-301F-11D3-BF4B-00C04F79EFBC}") = "ContactManager", "ContactManager\ContactManager.csproj", "{0B8D6CC2-9622-4C35-B4F6-F4B5B0301181}"
EndProject
Global
	GlobalSection(SolutionConfigurationPlatforms) = preSolution
		Debug|Any CPU = Debug|Any CPU
		Release|Any CPU = Release|Any CPU
	EndGlobalSection
	GlobalSection(ProjectConfigurationPlatforms) = postSolution
		{974CB47C-C519-4D40-9F55-45A2869633DE}.Debug|Any CPU.ActiveCfg = Debug|Any CPU
		{974CB47C-C519-4D40-9F55-45A2869633DE}.Debug|Any CPU.Build.0 = Debug|Any CPU
		{974CB47C-C519-4D40-9F55-45A2869633DE}.Release|Any CPU.ActiveCfg = Release|Any CPU
		{974CB47C-C519-4D40-9F55-45A2869633DE}.Release|Any CPU.Build.0 = Release|Any CPU
		{6FEE9EF1-B79E-4921-A033-DD31ECD75953}.Debug|Any CPU.ActiveCfg = Debug|Any CPU
		{6FEE9EF1-B79E-4921-A033-DD31ECD75953}.Debug|Any CPU.Build.0 = Debug|Any CPU
		{6FEE9EF1-B79E-4921-A033-DD31ECD75953}.Release|Any CPU.ActiveCfg = Release|Any CPU
		{6FEE9EF1-B79E-4921-A033-DD31ECD75953}.Release|Any CPU.Build.0 = Release|Any CPU
		{37DD94F0-FD85-4C42-B651-DD91FA12BC11}.Debug|Any CPU.ActiveCfg = Debug|Any CPU
		{37DD94F0-FD85-4C42-B651-DD91FA12BC11}.Debug|Any CPU.Build.0 = Debug|Any CPU
		{37DD94F0-FD85-4C42-B651-DD91FA12BC11}.Release|Any CPU.ActiveCfg = Release|Any CPU
		{37DD94F0-FD85-4C42-B651-DD91FA12BC11}.Release|Any CPU.Build.0 = Release|Any CPU
		{0B8D6CC2-9622-4C35-B4F6-F4B5B0301181}.Debug|Any CPU.ActiveCfg = Debug|Any CPU
		{0B8D6CC2-9622-4C35-B4F6-F4B5B0301181}.Debug|Any CPU.Build.0 = Debug|Any CPU
		{0B8D6CC2-9622-4C35-B4F6-F4B5B0301181}.Release|Any CPU.ActiveCfg = Release|Any CPU
		{0B8D6CC2-9622-4C35-B4F6-F4B5B0301181}.Release|Any CPU.Build.0 = Release|Any CPU
	EndGlobalSection
	GlobalSection(SolutionProperties) = preSolution
		HideSolutionNode = FALSE
	EndGlobalSection
	GlobalSection(ExtensibilityGlobals) = postSolution
		SolutionGuid = {274B4092-1822-4CE4-8562-50E8979DFD4E}
	EndGlobalSection
EndGlobal
